
Microsoft Visual Studio Solution File, Format Version 12.00
# Visual Studio Version 17
VisualStudioVersion = 17.11.35312.102
MinimumVisualStudioVersion = 10.0.40219.1
Project("{FAE04EC0-301F-11D3-BF4B-00C04F79EFBC}") = "bt-buoi4", "bt-buoi4\bt-buoi4.csproj", "{CB00E736-A335-40D7-B7AE-1F9037F3E8FB}"
EndProject
Global
	GlobalSection(SolutionConfigurationPlatforms) = preSolution
		Debug|Any CPU = Debug|Any CPU
		Release|Any CPU = Release|Any CPU
	EndGlobalSection
	GlobalSection(ProjectConfigurationPlatforms) = postSolution
		{CB00E736-A335-40D7-B7AE-1F9037F3E8FB}.Debug|Any CPU.ActiveCfg = Debug|Any CPU
		{CB00E736-A335-40D7-B7AE-1F9037F3E8FB}.Debug|Any CPU.Build.0 = Debug|Any CPU
		{CB00E736-A335-40D7-B7AE-1F9037F3E8FB}.Release|Any CPU.ActiveCfg = Release|Any CPU
		{CB00E736-A335-40D7-B7AE-1F9037F3E8FB}.Release|Any CPU.Build.0 = Release|Any CPU
	EndGlobalSection
	GlobalSection(SolutionProperties) = preSolution
		HideSolutionNode = FALSE
	EndGlobalSection
	GlobalSection(ExtensibilityGlobals) = postSolution
		SolutionGuid = {66EA5ACF-EECF-49B9-9F2E-8FC6ACD99DBD}
	EndGlobalSection
EndGlobal
