
Microsoft Visual Studio Solution File, Format Version 12.00
# Visual Studio Version 17
VisualStudioVersion = 17.14.36109.1 d17.14
MinimumVisualStudioVersion = 10.0.40219.1
Project("{FAE04EC0-301F-11D3-BF4B-00C04F79EFBC}") = "KTGK_LTW", "KTGK_LTW\KTGK_LTW.csproj", "{F0130B04-D004-430F-A007-5A44C047B7B0}"
EndProject
Global
	GlobalSection(SolutionConfigurationPlatforms) = preSolution
		Debug|Any CPU = Debug|Any CPU
		Release|Any CPU = Release|Any CPU
	EndGlobalSection
	GlobalSection(ProjectConfigurationPlatforms) = postSolution
		{F0130B04-D004-430F-A007-5A44C047B7B0}.Debug|Any CPU.ActiveCfg = Debug|Any CPU
		{F0130B04-D004-430F-A007-5A44C047B7B0}.Debug|Any CPU.Build.0 = Debug|Any CPU
		{F0130B04-D004-430F-A007-5A44C047B7B0}.Release|Any CPU.ActiveCfg = Release|Any CPU
		{F0130B04-D004-430F-A007-5A44C047B7B0}.Release|Any CPU.Build.0 = Release|Any CPU
	EndGlobalSection
	GlobalSection(SolutionProperties) = preSolution
		HideSolutionNode = FALSE
	EndGlobalSection
	GlobalSection(ExtensibilityGlobals) = postSolution
		SolutionGuid = {13637F73-1381-43DC-AEEF-3BCB2A5E23EF}
	EndGlobalSection
EndGlobal
